// !$*UTF8*$!
{
	archiveVersion = 1;
	classes = {
	};
	objectVersion = 46;
	objects = {

/* Begin PBXBuildFile section */
		12F83F1D1D8FDFE3004C6E95 /* AppDelegate.swift in Sources */ = {isa = PBXBuildFile; fileRef = 12F83F1C1D8FDFE3004C6E95 /* AppDelegate.swift */; };
		12F83F1F1D8FDFE3004C6E95 /* ViewController.swift in Sources */ = {isa = PBXBuildFile; fileRef = 12F83F1E1D8FDFE3004C6E95 /* ViewController.swift */; };
		12F83F221D8FDFE3004C6E95 /* Main.storyboard in Resources */ = {isa = PBXBuildFile; fileRef = 12F83F201D8FDFE3004C6E95 /* Main.storyboard */; };
		12F83F241D8FDFE3004C6E95 /* Assets.xcassets in Resources */ = {isa = PBXBuildFile; fileRef = 12F83F231D8FDFE3004C6E95 /* Assets.xcassets */; };
		12F83F271D8FDFE3004C6E95 /* LaunchScreen.storyboard in Resources */ = {isa = PBXBuildFile; fileRef = 12F83F251D8FDFE3004C6E95 /* LaunchScreen.storyboard */; };
		12F83F321D8FDFE3004C6E95 /* KMN_BOT_for_iOSTests.swift in Sources */ = {isa = PBXBuildFile; fileRef = 12F83F311D8FDFE3004C6E95 /* KMN_BOT_for_iOSTests.swift */; };
		12F83F3D1D8FDFE3004C6E95 /* KMN_BOT_for_iOSUITests.swift in Sources */ = {isa = PBXBuildFile; fileRef = 12F83F3C1D8FDFE3004C6E95 /* KMN_BOT_for_iOSUITests.swift */; };
/* End PBXBuildFile section */

/* Begin PBXContainerItemProxy section */
		12F83F2E1D8FDFE3004C6E95 /* PBXContainerItemProxy */ = {
			isa = PBXContainerItemProxy;
			containerPortal = 12F83F111D8FDFE3004C6E95 /* Project object */;
			proxyType = 1;
			remoteGlobalIDString = 12F83F181D8FDFE3004C6E95;
			remoteInfo = "KMN-BOT-for-iOS";
		};
		12F83F391D8FDFE3004C6E95 /* PBXContainerItemProxy */ = {
			isa = PBXContainerItemProxy;
			containerPortal = 12F83F111D8FDFE3004C6E95 /* Project object */;
			proxyType = 1;
			remoteGlobalIDString = 12F83F181D8FDFE3004C6E95;
			remoteInfo = "KMN-BOT-for-iOS";
		};
/* End PBXContainerItemProxy section */

/* Begin PBXFileReference section */
		12F83F191D8FDFE3004C6E95 /* KMN-BOT-for-iOS.app */ = {isa = PBXFileReference; explicitFileType = wrapper.application; includeInIndex = 0; path = "KMN-BOT-for-iOS.app"; sourceTree = BUILT_PRODUCTS_DIR; };
		12F83F1C1D8FDFE3004C6E95 /* AppDelegate.swift */ = {isa = PBXFileReference; lastKnownFileType = sourcecode.swift; path = AppDelegate.swift; sourceTree = "<group>"; };
		12F83F1E1D8FDFE3004C6E95 /* ViewController.swift */ = {isa = PBXFileReference; lastKnownFileType = sourcecode.swift; path = ViewController.swift; sourceTree = "<group>"; };
		12F83F211D8FDFE3004C6E95 /* Base */ = {isa = PBXFileReference; lastKnownFileType = file.storyboard; name = Base; path = Base.lproj/Main.storyboard; sourceTree = "<group>"; };
		12F83F231D8FDFE3004C6E95 /* Assets.xcassets */ = {isa = PBXFileReference; lastKnownFileType = folder.assetcatalog; path = Assets.xcassets; sourceTree = "<group>"; };
		12F83F261D8FDFE3004C6E95 /* Base */ = {isa = PBXFileReference; lastKnownFileType = file.storyboard; name = Base; path = Base.lproj/LaunchScreen.storyboard; sourceTree = "<group>"; };
		12F83F281D8FDFE3004C6E95 /* Info.plist */ = {isa = PBXFileReference; lastKnownFileType = text.plist.xml; path = Info.plist; sourceTree = "<group>"; };
		12F83F2D1D8FDFE3004C6E95 /* KMN-BOT-for-iOSTests.xctest */ = {isa = PBXFileReference; explicitFileType = wrapper.cfbundle; includeInIndex = 0; path = "KMN-BOT-for-iOSTests.xctest"; sourceTree = BUILT_PRODUCTS_DIR; };
		12F83F311D8FDFE3004C6E95 /* KMN_BOT_for_iOSTests.swift */ = {isa = PBXFileReference; lastKnownFileType = sourcecode.swift; path = KMN_BOT_for_iOSTests.swift; sourceTree = "<group>"; };
		12F83F331D8FDFE3004C6E95 /* Info.plist */ = {isa = PBXFileReference; lastKnownFileType = text.plist.xml; path = Info.plist; sourceTree = "<group>"; };
		12F83F381D8FDFE3004C6E95 /* KMN-BOT-for-iOSUITests.xctest */ = {isa = PBXFileReference; explicitFileType = wrapper.cfbundle; includeInIndex = 0; path = "KMN-BOT-for-iOSUITests.xctest"; sourceTree = BUILT_PRODUCTS_DIR; };
		12F83F3C1D8FDFE3004C6E95 /* KMN_BOT_for_iOSUITests.swift */ = {isa = PBXFileReference; lastKnownFileType = sourcecode.swift; path = KMN_BOT_for_iOSUITests.swift; sourceTree = "<group>"; };
		12F83F3E1D8FDFE3004C6E95 /* Info.plist */ = {isa = PBXFileReference; lastKnownFileType = text.plist.xml; path = Info.plist; sourceTree = "<group>"; };
/* End PBXFileReference section */

/* Begin PBXFrameworksBuildPhase section */
		12F83F161D8FDFE3004C6E95 /* Frameworks */ = {
			isa = PBXFrameworksBuildPhase;
			buildActionMask = 2147483647;
			files = (
			);
			runOnlyForDeploymentPostprocessing = 0;
		};
		12F83F2A1D8FDFE3004C6E95 /* Frameworks */ = {
			isa = PBXFrameworksBuildPhase;
			buildActionMask = 2147483647;
			files = (
			);
			runOnlyForDeploymentPostprocessing = 0;
		};
		12F83F351D8FDFE3004C6E95 /* Frameworks */ = {
			isa = PBXFrameworksBuildPhase;
			buildActionMask = 2147483647;
			files = (
			);
			runOnlyForDeploymentPostprocessing = 0;
		};
/* End PBXFrameworksBuildPhase section */

/* Begin PBXGroup section */
		12F83F101D8FDFE3004C6E95 = {
			isa = PBXGroup;
			children = (
				12F83F1B1D8FDFE3004C6E95 /* KMN-BOT-for-iOS */,
				12F83F301D8FDFE3004C6E95 /* KMN-BOT-for-iOSTests */,
				12F83F3B1D8FDFE3004C6E95 /* KMN-BOT-for-iOSUITests */,
				12F83F1A1D8FDFE3004C6E95 /* Products */,
			);
			sourceTree = "<group>";
		};
		12F83F1A1D8FDFE3004C6E95 /* Products */ = {
			isa = PBXGroup;
			children = (
				12F83F191D8FDFE3004C6E95 /* KMN-BOT-for-iOS.app */,
				12F83F2D1D8FDFE3004C6E95 /* KMN-BOT-for-iOSTests.xctest */,
				12F83F381D8FDFE3004C6E95 /* KMN-BOT-for-iOSUITests.xctest */,
			);
			name = Products;
			sourceTree = "<group>";
		};
		12F83F1B1D8FDFE3004C6E95 /* KMN-BOT-for-iOS */ = {
			isa = PBXGroup;
			children = (
				12F83F1C1D8FDFE3004C6E95 /* AppDelegate.swift */,
				12F83F1E1D8FDFE3004C6E95 /* ViewController.swift */,
				12F83F201D8FDFE3004C6E95 /* Main.storyboard */,
				12F83F231D8FDFE3004C6E95 /* Assets.xcassets */,
				12F83F251D8FDFE3004C6E95 /* LaunchScreen.storyboard */,
				12F83F281D8FDFE3004C6E95 /* Info.plist */,
			);
			path = "KMN-BOT-for-iOS";
			sourceTree = "<group>";
		};
		12F83F301D8FDFE3004C6E95 /* KMN-BOT-for-iOSTests */ = {
			isa = PBXGroup;
			children = (
				12F83F311D8FDFE3004C6E95 /* KMN_BOT_for_iOSTests.swift */,
				12F83F331D8FDFE3004C6E95 /* Info.plist */,
			);
			path = "KMN-BOT-for-iOSTests";
			sourceTree = "<group>";
		};
		12F83F3B1D8FDFE3004C6E95 /* KMN-BOT-for-iOSUITests */ = {
			isa = PBXGroup;
			children = (
				12F83F3C1D8FDFE3004C6E95 /* KMN_BOT_for_iOSUITests.swift */,
				12F83F3E1D8FDFE3004C6E95 /* Info.plist */,
			);
			path = "KMN-BOT-for-iOSUITests";
			sourceTree = "<group>";
		};
/* End PBXGroup section */

/* Begin PBXNativeTarget section */
		12F83F181D8FDFE3004C6E95 /* KMN-BOT-for-iOS */ = {
			isa = PBXNativeTarget;
			buildConfigurationList = 12F83F411D8FDFE3004C6E95 /* Build configuration list for PBXNativeTarget "KMN-BOT-for-iOS" */;
			buildPhases = (
				12F83F151D8FDFE3004C6E95 /* Sources */,
				12F83F161D8FDFE3004C6E95 /* Frameworks */,
				12F83F171D8FDFE3004C6E95 /* Resources */,
			);
			buildRules = (
			);
			dependencies = (
			);
			name = "KMN-BOT-for-iOS";
			productName = "KMN-BOT-for-iOS";
			productReference = 12F83F191D8FDFE3004C6E95 /* KMN-BOT-for-iOS.app */;
			productType = "com.apple.product-type.application";
		};
		12F83F2C1D8FDFE3004C6E95 /* KMN-BOT-for-iOSTests */ = {
			isa = PBXNativeTarget;
			buildConfigurationList = 12F83F441D8FDFE3004C6E95 /* Build configuration list for PBXNativeTarget "KMN-BOT-for-iOSTests" */;
			buildPhases = (
				12F83F291D8FDFE3004C6E95 /* Sources */,
				12F83F2A1D8FDFE3004C6E95 /* Frameworks */,
				12F83F2B1D8FDFE3004C6E95 /* Resources */,
			);
			buildRules = (
			);
			dependencies = (
				12F83F2F1D8FDFE3004C6E95 /* PBXTargetDependency */,
			);
			name = "KMN-BOT-for-iOSTests";
			productName = "KMN-BOT-for-iOSTests";
			productReference = 12F83F2D1D8FDFE3004C6E95 /* KMN-BOT-for-iOSTests.xctest */;
			productType = "com.apple.product-type.bundle.unit-test";
		};
		12F83F371D8FDFE3004C6E95 /* KMN-BOT-for-iOSUITests */ = {
			isa = PBXNativeTarget;
			buildConfigurationList = 12F83F471D8FDFE3004C6E95 /* Build configuration list for PBXNativeTarget "KMN-BOT-for-iOSUITests" */;
			buildPhases = (
				12F83F341D8FDFE3004C6E95 /* Sources */,
				12F83F351D8FDFE3004C6E95 /* Frameworks */,
				12F83F361D8FDFE3004C6E95 /* Resources */,
			);
			buildRules = (
			);
			dependencies = (
				12F83F3A1D8FDFE3004C6E95 /* PBXTargetDependency */,
			);
			name = "KMN-BOT-for-iOSUITests";
			productName = "KMN-BOT-for-iOSUITests";
			productReference = 12F83F381D8FDFE3004C6E95 /* KMN-BOT-for-iOSUITests.xctest */;
			productType = "com.apple.product-type.bundle.ui-testing";
		};
/* End PBXNativeTarget section */

/* Begin PBXProject section */
		12F83F111D8FDFE3004C6E95 /* Project object */ = {
			isa = PBXProject;
			attributes = {
				LastSwiftUpdateCheck = 0800;
				LastUpgradeCheck = 0800;
				ORGANIZATIONNAME = "乾太";
				TargetAttributes = {
					12F83F181D8FDFE3004C6E95 = {
						CreatedOnToolsVersion = 8.0;
						DevelopmentTeam = CHBKD3LB2S;
						ProvisioningStyle = Automatic;
					};
					12F83F2C1D8FDFE3004C6E95 = {
						CreatedOnToolsVersion = 8.0;
						DevelopmentTeam = CHBKD3LB2S;
						ProvisioningStyle = Automatic;
						TestTargetID = 12F83F181D8FDFE3004C6E95;
					};
					12F83F371D8FDFE3004C6E95 = {
						CreatedOnToolsVersion = 8.0;
						DevelopmentTeam = CHBKD3LB2S;
						ProvisioningStyle = Automatic;
						TestTargetID = 12F83F181D8FDFE3004C6E95;
					};
				};
			};
			buildConfigurationList = 12F83F141D8FDFE3004C6E95 /* Build configuration list for PBXProject "KMN-BOT-for-iOS" */;
			compatibilityVersion = "Xcode 3.2";
			developmentRegion = English;
			hasScannedForEncodings = 0;
			knownRegions = (
				en,
				Base,
			);
			mainGroup = 12F83F101D8FDFE3004C6E95;
			productRefGroup = 12F83F1A1D8FDFE3004C6E95 /* Products */;
			projectDirPath = "";
			projectRoot = "";
			targets = (
				12F83F181D8FDFE3004C6E95 /* KMN-BOT-for-iOS */,
				12F83F2C1D8FDFE3004C6E95 /* KMN-BOT-for-iOSTests */,
				12F83F371D8FDFE3004C6E95 /* KMN-BOT-for-iOSUITests */,
			);
		};
/* End PBXProject section */

/* Begin PBXResourcesBuildPhase section */
		12F83F171D8FDFE3004C6E95 /* Resources */ = {
			isa = PBXResourcesBuildPhase;
			buildActionMask = 2147483647;
			files = (
				12F83F271D8FDFE3004C6E95 /* LaunchScreen.storyboard in Resources */,
				12F83F241D8FDFE3004C6E95 /* Assets.xcassets in Resources */,
				12F83F221D8FDFE3004C6E95 /* Main.storyboard in Resources */,
			);
			runOnlyForDeploymentPostprocessing = 0;
		};
		12F83F2B1D8FDFE3004C6E95 /* Resources */ = {
			isa = PBXResourcesBuildPhase;
			buildActionMask = 2147483647;
			files = (
			);
			runOnlyForDeploymentPostprocessing = 0;
		};
		12F83F361D8FDFE3004C6E95 /* Resources */ = {
			isa = PBXResourcesBuildPhase;
			buildActionMask = 2147483647;
			files = (
			);
			runOnlyForDeploymentPostprocessing = 0;
		};
/* End PBXResourcesBuildPhase section */

/* Begin PBXSourcesBuildPhase section */
		12F83F151D8FDFE3004C6E95 /* Sources */ = {
			isa = PBXSourcesBuildPhase;
			buildActionMask = 2147483647;
			files = (
				12F83F1F1D8FDFE3004C6E95 /* ViewController.swift in Sources */,
				12F83F1D1D8FDFE3004C6E95 /* AppDelegate.swift in Sources */,
			);
			runOnlyForDeploymentPostprocessing = 0;
		};
		12F83F291D8FDFE3004C6E95 /* Sources */ = {
			isa = PBXSourcesBuildPhase;
			buildActionMask = 2147483647;
			files = (
				12F83F321D8FDFE3004C6E95 /* KMN_BOT_for_iOSTests.swift in Sources */,
			);
			runOnlyForDeploymentPostprocessing = 0;
		};
		12F83F341D8FDFE3004C6E95 /* Sources */ = {
			isa = PBXSourcesBuildPhase;
			buildActionMask = 2147483647;
			files = (
				12F83F3D1D8FDFE3004C6E95 /* KMN_BOT_for_iOSUITests.swift in Sources */,
			);
			runOnlyForDeploymentPostprocessing = 0;
		};
/* End PBXSourcesBuildPhase section */

/* Begin PBXTargetDependency section */
		12F83F2F1D8FDFE3004C6E95 /* PBXTargetDependency */ = {
			isa = PBXTargetDependency;
			target = 12F83F181D8FDFE3004C6E95 /* KMN-BOT-for-iOS */;
			targetProxy = 12F83F2E1D8FDFE3004C6E95 /* PBXContainerItemProxy */;
		};
		12F83F3A1D8FDFE3004C6E95 /* PBXTargetDependency */ = {
			isa = PBXTargetDependency;
			target = 12F83F181D8FDFE3004C6E95 /* KMN-BOT-for-iOS */;
			targetProxy = 12F83F391D8FDFE3004C6E95 /* PBXContainerItemProxy */;
		};
/* End PBXTargetDependency section */

/* Begin PBXVariantGroup section */
		12F83F201D8FDFE3004C6E95 /* Main.storyboard */ = {
			isa = PBXVariantGroup;
			children = (
				12F83F211D8FDFE3004C6E95 /* Base */,
			);
			name = Main.storyboard;
			sourceTree = "<group>";
		};
		12F83F251D8FDFE3004C6E95 /* LaunchScreen.storyboard */ = {
			isa = PBXVariantGroup;
			children = (
				12F83F261D8FDFE3004C6E95 /* Base */,
			);
			name = LaunchScreen.storyboard;
			sourceTree = "<group>";
		};
/* End PBXVariantGroup section */

/* Begin XCBuildConfiguration section */
		12F83F3F1D8FDFE3004C6E95 /* Debug */ = {
			isa = XCBuildConfiguration;
			buildSettings = {
				ALWAYS_SEARCH_USER_PATHS = NO;
				CLANG_ANALYZER_NONNULL = YES;
				CLANG_CXX_LANGUAGE_STANDARD = "gnu++0x";
				CLANG_CXX_LIBRARY = "libc++";
				CLANG_ENABLE_MODULES = YES;
				CLANG_ENABLE_OBJC_ARC = YES;
				CLANG_WARN_BOOL_CONVERSION = YES;
				CLANG_WARN_CONSTANT_CONVERSION = YES;
				CLANG_WARN_DIRECT_OBJC_ISA_USAGE = YES_ERROR;
				CLANG_WARN_DOCUMENTATION_COMMENTS = YES;
				CLANG_WARN_EMPTY_BODY = YES;
				CLANG_WARN_ENUM_CONVERSION = YES;
				CLANG_WARN_INFINITE_RECURSION = YES;
				CLANG_WARN_INT_CONVERSION = YES;
				CLANG_WARN_OBJC_ROOT_CLASS = YES_ERROR;
				CLANG_WARN_SUSPICIOUS_MOVES = YES;
				CLANG_WARN_UNREACHABLE_CODE = YES;
				CLANG_WARN__DUPLICATE_METHOD_MATCH = YES;
				"CODE_SIGN_IDENTITY[sdk=iphoneos*]" = "iPhone Developer";
				COPY_PHASE_STRIP = NO;
				DEBUG_INFORMATION_FORMAT = dwarf;
				ENABLE_STRICT_OBJC_MSGSEND = YES;
				ENABLE_TESTABILITY = YES;
				GCC_C_LANGUAGE_STANDARD = gnu99;
				GCC_DYNAMIC_NO_PIC = NO;
				GCC_NO_COMMON_BLOCKS = YES;
				GCC_OPTIMIZATION_LEVEL = 0;
				GCC_PREPROCESSOR_DEFINITIONS = (
					"DEBUG=1",
					"$(inherited)",
				);
				GCC_WARN_64_TO_32_BIT_CONVERSION = YES;
				GCC_WARN_ABOUT_RETURN_TYPE = YES_ERROR;
				GCC_WARN_UNDECLARED_SELECTOR = YES;
				GCC_WARN_UNINITIALIZED_AUTOS = YES_AGGRESSIVE;
				GCC_WARN_UNUSED_FUNCTION = YES;
				GCC_WARN_UNUSED_VARIABLE = YES;
				IPHONEOS_DEPLOYMENT_TARGET = 10.0;
				MTL_ENABLE_DEBUG_INFO = YES;
				ONLY_ACTIVE_ARCH = YES;
				SDKROOT = iphoneos;
				SWIFT_ACTIVE_COMPILATION_CONDITIONS = DEBUG;
				SWIFT_OPTIMIZATION_LEVEL = "-Onone";
				TARGETED_DEVICE_FAMILY = "1,2";
			};
			name = Debug;
		};
		12F83F401D8FDFE3004C6E95 /* Release */ = {
			isa = XCBuildConfiguration;
			buildSettings = {
				ALWAYS_SEARCH_USER_PATHS = NO;
				CLANG_ANALYZER_NONNULL = YES;
				CLANG_CXX_LANGUAGE_STANDARD = "gnu++0x";
				CLANG_CXX_LIBRARY = "libc++";
				CLANG_ENABLE_MODULES = YES;
				CLANG_ENABLE_OBJC_ARC = YES;
				CLANG_WARN_BOOL_CONVERSION = YES;
				CLANG_WARN_CONSTANT_CONVERSION = YES;
				CLANG_WARN_DIRECT_OBJC_ISA_USAGE = YES_ERROR;
				CLANG_WARN_DOCUMENTATION_COMMENTS = YES;
				CLANG_WARN_EMPTY_BODY = YES;
				CLANG_WARN_ENUM_CONVERSION = YES;
				CLANG_WARN_INFINITE_RECURSION = YES;
				CLANG_WARN_INT_CONVERSION = YES;
				CLANG_WARN_OBJC_ROOT_CLASS = YES_ERROR;
				CLANG_WARN_SUSPICIOUS_MOVES = YES;
				CLANG_WARN_UNREACHABLE_CODE = YES;
				CLANG_WARN__DUPLICATE_METHOD_MATCH = YES;
				"CODE_SIGN_IDENTITY[sdk=iphoneos*]" = "iPhone Developer";
				COPY_PHASE_STRIP = NO;
				DEBUG_INFORMATION_FORMAT = "dwarf-with-dsym";
				ENABLE_NS_ASSERTIONS = NO;
				ENABLE_STRICT_OBJC_MSGSEND = YES;
				GCC_C_LANGUAGE_STANDARD = gnu99;
				GCC_NO_COMMON_BLOCKS = YES;
				GCC_WARN_64_TO_32_BIT_CONVERSION = YES;
				GCC_WARN_ABOUT_RETURN_TYPE = YES_ERROR;
				GCC_WARN_UNDECLARED_SELECTOR = YES;
				GCC_WARN_UNINITIALIZED_AUTOS = YES_AGGRESSIVE;
				GCC_WARN_UNUSED_FUNCTION = YES;
				GCC_WARN_UNUSED_VARIABLE = YES;
				IPHONEOS_DEPLOYMENT_TARGET = 10.0;
				MTL_ENABLE_DEBUG_INFO = NO;
				SDKROOT = iphoneos;
				SWIFT_OPTIMIZATION_LEVEL = "-Owholemodule";
				TARGETED_DEVICE_FAMILY = "1,2";
				VALIDATE_PRODUCT = YES;
			};
			name = Release;
		};
		12F83F421D8FDFE3004C6E95 /* Debug */ = {
			isa = XCBuildConfiguration;
			buildSettings = {
				ASSETCATALOG_COMPILER_APPICON_NAME = AppIcon;
				DEVELOPMENT_TEAM = CHBKD3LB2S;
				INFOPLIST_FILE = "KMN-BOT-for-iOS/Info.plist";
				LD_RUNPATH_SEARCH_PATHS = "$(inherited) @executable_path/Frameworks";
				PRODUCT_BUNDLE_IDENTIFIER = "Knatai.KMN-BOT-for-iOS";
				PRODUCT_NAME = "$(TARGET_NAME)";
				SWIFT_VERSION = 3.0;
			};
			name = Debug;
		};
		12F83F431D8FDFE3004C6E95 /* Release */ = {
			isa = XCBuildConfiguration;
			buildSettings = {
				ASSETCATALOG_COMPILER_APPICON_NAME = AppIcon;
				DEVELOPMENT_TEAM = CHBKD3LB2S;
				INFOPLIST_FILE = "KMN-BOT-for-iOS/Info.plist";
				LD_RUNPATH_SEARCH_PATHS = "$(inherited) @executable_path/Frameworks";
				PRODUCT_BUNDLE_IDENTIFIER = "Knatai.KMN-BOT-for-iOS";
				PRODUCT_NAME = "$(TARGET_NAME)";
				SWIFT_VERSION = 3.0;
			};
			name = Release;
		};
		12F83F451D8FDFE3004C6E95 /* Debug */ = {
			isa = XCBuildConfiguration;
			buildSettings = {
				ALWAYS_EMBED_SWIFT_STANDARD_LIBRARIES = YES;
				BUNDLE_LOADER = "$(TEST_HOST)";
				DEVELOPMENT_TEAM = CHBKD3LB2S;
				INFOPLIST_FILE = "KMN-BOT-for-iOSTests/Info.plist";
				LD_RUNPATH_SEARCH_PATHS = "$(inherited) @executable_path/Frameworks @loader_path/Frameworks";
				PRODUCT_BUNDLE_IDENTIFIER = "Knatai.KMN-BOT-for-iOSTests";
				PRODUCT_NAME = "$(TARGET_NAME)";
				SWIFT_VERSION = 3.0;
				TEST_HOST = "$(BUILT_PRODUCTS_DIR)/KMN-BOT-for-iOS.app/KMN-BOT-for-iOS";
			};
			name = Debug;
		};
		12F83F461D8FDFE3004C6E95 /* Release */ = {
			isa = XCBuildConfiguration;
			buildSettings = {
				ALWAYS_EMBED_SWIFT_STANDARD_LIBRARIES = YES;
				BUNDLE_LOADER = "$(TEST_HOST)";
				DEVELOPMENT_TEAM = CHBKD3LB2S;
				INFOPLIST_FILE = "KMN-BOT-for-iOSTests/Info.plist";
				LD_RUNPATH_SEARCH_PATHS = "$(inherited) @executable_path/Frameworks @loader_path/Frameworks";
				PRODUCT_BUNDLE_IDENTIFIER = "Knatai.KMN-BOT-for-iOSTests";
				PRODUCT_NAME = "$(TARGET_NAME)";
				SWIFT_VERSION = 3.0;
				TEST_HOST = "$(BUILT_PRODUCTS_DIR)/KMN-BOT-for-iOS.app/KMN-BOT-for-iOS";
			};
			name = Release;
		};
		12F83F481D8FDFE3004C6E95 /* Debug */ = {
			isa = XCBuildConfiguration;
			buildSettings = {
				ALWAYS_EMBED_SWIFT_STANDARD_LIBRARIES = YES;
				DEVELOPMENT_TEAM = CHBKD3LB2S;
				INFOPLIST_FILE = "KMN-BOT-for-iOSUITests/Info.plist";
				LD_RUNPATH_SEARCH_PATHS = "$(inherited) @executable_path/Frameworks @loader_path/Frameworks";
				PRODUCT_BUNDLE_IDENTIFIER = "Knatai.KMN-BOT-for-iOSUITests";
				PRODUCT_NAME = "$(TARGET_NAME)";
				SWIFT_VERSION = 3.0;
				TEST_TARGET_NAME = "KMN-BOT-for-iOS";
			};
			name = Debug;
		};
		12F83F491D8FDFE3004C6E95 /* Release */ = {
			isa = XCBuildConfiguration;
			buildSettings = {
				ALWAYS_EMBED_SWIFT_STANDARD_LIBRARIES = YES;
				DEVELOPMENT_TEAM = CHBKD3LB2S;
				INFOPLIST_FILE = "KMN-BOT-for-iOSUITests/Info.plist";
				LD_RUNPATH_SEARCH_PATHS = "$(inherited) @executable_path/Frameworks @loader_path/Frameworks";
				PRODUCT_BUNDLE_IDENTIFIER = "Knatai.KMN-BOT-for-iOSUITests";
				PRODUCT_NAME = "$(TARGET_NAME)";
				SWIFT_VERSION = 3.0;
				TEST_TARGET_NAME = "KMN-BOT-for-iOS";
			};
			name = Release;
		};
/* End XCBuildConfiguration section */

/* Begin XCConfigurationList section */
		12F83F141D8FDFE3004C6E95 /* Build configuration list for PBXProject "KMN-BOT-for-iOS" */ = {
			isa = XCConfigurationList;
			buildConfigurations = (
				12F83F3F1D8FDFE3004C6E95 /* Debug */,
				12F83F401D8FDFE3004C6E95 /* Release */,
			);
			defaultConfigurationIsVisible = 0;
			defaultConfigurationName = Release;
		};
		12F83F411D8FDFE3004C6E95 /* Build configuration list for PBXNativeTarget "KMN-BOT-for-iOS" */ = {
			isa = XCConfigurationList;
			buildConfigurations = (
				12F83F421D8FDFE3004C6E95 /* Debug */,
				12F83F431D8FDFE3004C6E95 /* Release */,
			);
			defaultConfigurationIsVisible = 0;
		};
		12F83F441D8FDFE3004C6E95 /* Build configuration list for PBXNativeTarget "KMN-BOT-for-iOSTests" */ = {
			isa = XCConfigurationList;
			buildConfigurations = (
				12F83F451D8FDFE3004C6E95 /* Debug */,
				12F83F461D8FDFE3004C6E95 /* Release */,
			);
			defaultConfigurationIsVisible = 0;
		};
		12F83F471D8FDFE3004C6E95 /* Build configuration list for PBXNativeTarget "KMN-BOT-for-iOSUITests" */ = {
			isa = XCConfigurationList;
			buildConfigurations = (
				12F83F481D8FDFE3004C6E95 /* Debug */,
				12F83F491D8FDFE3004C6E95 /* Release */,
			);
			defaultConfigurationIsVisible = 0;
		};
/* End XCConfigurationList section */
	};
	rootObject = 12F83F111D8FDFE3004C6E95 /* Project object */;
}
